lockfileVersion: '9.0'

settings:
  autoInstallPeers: true
  excludeLinksFromLockfile: false

overrides:
  esbuild: 0.20.2
  '@biomejs/biome': 1.5.3

importers:

  .:
    devDependencies:
      '@biomejs/biome':
        specifier: 1.5.3
        version: 1.5.3
      '@types/bun':
        specifier: ^1.0.5
        version: 1.1.3
      prettier:
        specifier: ^3.2.4
        version: 3.3.1
      typescript:
        specifier: 5.4.2
        version: 5.4.2

  services/service-1:
    devDependencies:
      '@cloudflare-rpc-test/service-2':
        specifier: workspace:^
        version: link:../service-2
      '@cloudflare/workers-types':
        specifier: 4.20240405.0
        version: 4.20240405.0
      typescript:
        specifier: 5.4.2
        version: 5.4.2
      wrangler:
        specifier: 3.48.0
        version: 3.48.0(@cloudflare/workers-types@4.20240405.0)

  services/service-2:
    devDependencies:
      '@cloudflare-rpc-test/service-1':
        specifier: workspace:^
        version: link:../service-1
      '@cloudflare/workers-types':
        specifier: 4.20240405.0
        version: 4.20240405.0
      typescript:
        specifier: 5.4.2
        version: 5.4.2
      wrangler:
        specifier: 3.48.0
        version: 3.48.0(@cloudflare/workers-types@4.20240405.0)

packages:

  '@biomejs/biome@1.5.3':
    resolution: {integrity: sha512-yvZCa/g3akwTaAQ7PCwPWDCkZs3Qa5ONg/fgOUT9e6wAWsPftCjLQFPXBeGxPK30yZSSpgEmRCfpGTmVbUjGgg==}
    engines: {node: '>=14.*'}
    hasBin: true

  '@biomejs/cli-darwin-arm64@1.5.3':
    resolution: {integrity: sha512-ImU7mh1HghEDyqNmxEZBoMPr8SxekkZuYcs+gynKlNW+TALQs7swkERiBLkG9NR0K1B3/2uVzlvYowXrmlW8hw==}
    engines: {node: '>=14.*'}
    cpu: [arm64]
    os: [darwin]

  '@biomejs/cli-darwin-x64@1.5.3':
    resolution: {integrity: sha512-vCdASqYnlpq/swErH7FD6nrFz0czFtK4k/iLgj0/+VmZVjineFPgevOb+Sr9vz0tk0GfdQO60bSpI74zU8M9Dw==}
    engines: {node: '>=14.*'}
    cpu: [x64]
    os: [darwin]

  '@biomejs/cli-linux-arm64-musl@1.5.3':
    resolution: {integrity: sha512-DYuMizUYUBYfS0IHGjDrOP1RGipqWfMGEvNEJ398zdtmCKLXaUvTimiox5dvx4X15mBK5M2m8wgWUgOP1giUpQ==}
    engines: {node: '>=14.*'}
    cpu: [arm64]
    os: [linux]

  '@biomejs/cli-linux-arm64@1.5.3':
    resolution: {integrity: sha512-cupBQv0sNF1OKqBfx7EDWMSsKwRrBUZfjXawT4s6hKV6ALq7p0QzWlxr/sDmbKMLOaLQtw2Qgu/77N9rm+f9Rg==}
    engines: {node: '>=14.*'}
    cpu: [arm64]
    os: [linux]

  '@biomejs/cli-win32-arm64@1.5.3':
    resolution: {integrity: sha512-HxatYH7vf/kX9nrD+pDYuV2GI9GV8EFo6cfKkahAecTuZLPxryHx1WEfJthp5eNsE0+09STGkKIKjirP0ufaZA==}
    engines: {node: '>=14.*'}
    cpu: [arm64]
    os: [win32]

  '@biomejs/cli-win32-x64@1.5.3':
    resolution: {integrity: sha512-fMvbSouZEASU7mZH8SIJSANDm5OqsjgtVXlbUqxwed6BP7uuHRSs396Aqwh2+VoW8fwTpp6ybIUoC9FrzB0kyA==}
    engines: {node: '>=14.*'}
    cpu: [x64]
    os: [win32]

  '@cloudflare/kv-asset-handler@0.3.1':
    resolution: {integrity: sha512-lKN2XCfKCmpKb86a1tl4GIwsJYDy9TGuwjhDELLmpKygQhw8X2xR4dusgpC5Tg7q1pB96Eb0rBo81kxSILQMwA==}

  '@cloudflare/workerd-darwin-64@1.20240404.0':
    resolution: {integrity: sha512-rc/ov3I9GwgKRtUnkShNW3TIoZEPHzExrMRNlHq1VpXQRBSchHdMw8meMn54+oqgxW1AKLmPWj/c0A7EnYAsIw==}
    engines: {node: '>=16'}
    cpu: [x64]
    os: [darwin]

  '@cloudflare/workerd-darwin-arm64@1.20240404.0':
    resolution: {integrity: sha512-V9oPjeC2PYBCoAYnjbO2bsjT7PtzxfUHnh780FUi1r59Hwxd7FNlojwsIidA0nS/1WV5UKeJusIdrYlQbsketA==}
    engines: {node: '>=16'}
    cpu: [arm64]
    os: [darwin]

  '@cloudflare/workerd-linux-arm64@1.20240404.0':
    resolution: {integrity: sha512-hto5pjKYFqFu2Rvxnh84TzgDwalBRXQSwOVHltcgqo48en9TJDCN48ZtLj2G7QTGUOMW88h+nqdbj8+P7S/GXQ==}
    engines: {node: '>=16'}
    cpu: [arm64]
    os: [linux]

  '@cloudflare/workerd-windows-64@1.20240404.0':
    resolution: {integrity: sha512-DpCLvNkOeFinKGJwv9qbyT7RLZ1168dhPx85IHSqAYVWZIszNSmNOkEDqklvoJoab01AqETrrEhwBdmjCA7qfA==}
    engines: {node: '>=16'}
    cpu: [x64]
    os: [win32]

  '@cloudflare/workers-types@4.20240405.0':
    resolution: {integrity: sha512-sEVOhyOgXUwfLkgHqbLZa/sfkSYrh7/zLmI6EZNibPaVPvAnAcItbNNl3SAlLyLKuwf8m4wAIAgu9meKWCvXjg==}

  '@cspotcode/source-map-support@0.8.1':
    resolution: {integrity: sha512-IchNf6dN4tHoMFIn/7OE8LWZ19Y6q/67Bmf6vnGREv8RSbBVb9LPJxEcnwrcwX6ixSvaiGoomAUvu4YSxXrVgw==}
    engines: {node: '>=12'}

  '@esbuild-plugins/node-globals-polyfill@0.2.3':
    resolution: {integrity: sha512-r3MIryXDeXDOZh7ih1l/yE9ZLORCd5e8vWg02azWRGj5SPTuoh69A2AIyn0Z31V/kHBfZ4HgWJ+OK3GTTwLmnw==}
    peerDependencies:
      esbuild: 0.20.2

  '@esbuild-plugins/node-modules-polyfill@0.2.2':
    resolution: {integrity: sha512-LXV7QsWJxRuMYvKbiznh+U1ilIop3g2TeKRzUxOG5X3YITc8JyyTa90BmLwqqv0YnX4v32CSlG+vsziZp9dMvA==}
    peerDependencies:
      esbuild: 0.20.2

  '@esbuild/aix-ppc64@0.20.2':
    resolution: {integrity: sha512-D+EBOJHXdNZcLJRBkhENNG8Wji2kgc9AZ9KiPr1JuZjsNtyHzrsfLRrY0tk2H2aoFu6RANO1y1iPPUCDYWkb5g==}
    engines: {node: '>=12'}
    cpu: [ppc64]
    os: [aix]

  '@esbuild/android-arm64@0.20.2':
    resolution: {integrity: sha512-mRzjLacRtl/tWU0SvD8lUEwb61yP9cqQo6noDZP/O8VkwafSYwZ4yWy24kan8jE/IMERpYncRt2dw438LP3Xmg==}
    engines: {node: '>=12'}
    cpu: [arm64]
    os: [android]

  '@esbuild/android-arm@0.20.2':
    resolution: {integrity: sha512-t98Ra6pw2VaDhqNWO2Oph2LXbz/EJcnLmKLGBJwEwXX/JAN83Fym1rU8l0JUWK6HkIbWONCSSatf4sf2NBRx/w==}
    engines: {node: '>=12'}
    cpu: [arm]
    os: [android]

  '@esbuild/android-x64@0.20.2':
    resolution: {integrity: sha512-btzExgV+/lMGDDa194CcUQm53ncxzeBrWJcncOBxuC6ndBkKxnHdFJn86mCIgTELsooUmwUm9FkhSp5HYu00Rg==}
    engines: {node: '>=12'}
    cpu: [x64]
    os: [android]

  '@esbuild/darwin-arm64@0.20.2':
    resolution: {integrity: sha512-4J6IRT+10J3aJH3l1yzEg9y3wkTDgDk7TSDFX+wKFiWjqWp/iCfLIYzGyasx9l0SAFPT1HwSCR+0w/h1ES/MjA==}
    engines: {node: '>=12'}
    cpu: [arm64]
    os: [darwin]

  '@esbuild/darwin-x64@0.20.2':
    resolution: {integrity: sha512-tBcXp9KNphnNH0dfhv8KYkZhjc+H3XBkF5DKtswJblV7KlT9EI2+jeA8DgBjp908WEuYll6pF+UStUCfEpdysA==}
    engines: {node: '>=12'}
    cpu: [x64]
    os: [darwin]

  '@esbuild/freebsd-arm64@0.20.2':
    resolution: {integrity: sha512-d3qI41G4SuLiCGCFGUrKsSeTXyWG6yem1KcGZVS+3FYlYhtNoNgYrWcvkOoaqMhwXSMrZRl69ArHsGJ9mYdbbw==}
    engines: {node: '>=12'}
    cpu: [arm64]
    os: [freebsd]

  '@esbuild/freebsd-x64@0.20.2':
    resolution: {integrity: sha512-d+DipyvHRuqEeM5zDivKV1KuXn9WeRX6vqSqIDgwIfPQtwMP4jaDsQsDncjTDDsExT4lR/91OLjRo8bmC1e+Cw==}
    engines: {node: '>=12'}
    cpu: [x64]
    os: [freebsd]

  '@esbuild/linux-arm64@0.20.2':
    resolution: {integrity: sha512-9pb6rBjGvTFNira2FLIWqDk/uaf42sSyLE8j1rnUpuzsODBq7FvpwHYZxQ/It/8b+QOS1RYfqgGFNLRI+qlq2A==}
    engines: {node: '>=12'}
    cpu: [arm64]
    os: [linux]

  '@esbuild/linux-arm@0.20.2':
    resolution: {integrity: sha512-VhLPeR8HTMPccbuWWcEUD1Az68TqaTYyj6nfE4QByZIQEQVWBB8vup8PpR7y1QHL3CpcF6xd5WVBU/+SBEvGTg==}
    engines: {node: '>=12'}
    cpu: [arm]
    os: [linux]

  '@esbuild/linux-ia32@0.20.2':
    resolution: {integrity: sha512-o10utieEkNPFDZFQm9CoP7Tvb33UutoJqg3qKf1PWVeeJhJw0Q347PxMvBgVVFgouYLGIhFYG0UGdBumROyiig==}
    engines: {node: '>=12'}
    cpu: [ia32]
    os: [linux]

  '@esbuild/linux-loong64@0.20.2':
    resolution: {integrity: sha512-PR7sp6R/UC4CFVomVINKJ80pMFlfDfMQMYynX7t1tNTeivQ6XdX5r2XovMmha/VjR1YN/HgHWsVcTRIMkymrgQ==}
    engines: {node: '>=12'}
    cpu: [loong64]
    os: [linux]

  '@esbuild/linux-mips64el@0.20.2':
    resolution: {integrity: sha512-4BlTqeutE/KnOiTG5Y6Sb/Hw6hsBOZapOVF6njAESHInhlQAghVVZL1ZpIctBOoTFbQyGW+LsVYZ8lSSB3wkjA==}
    engines: {node: '>=12'}
    cpu: [mips64el]
    os: [linux]

  '@esbuild/linux-ppc64@0.20.2':
    resolution: {integrity: sha512-rD3KsaDprDcfajSKdn25ooz5J5/fWBylaaXkuotBDGnMnDP1Uv5DLAN/45qfnf3JDYyJv/ytGHQaziHUdyzaAg==}
    engines: {node: '>=12'}
    cpu: [ppc64]
    os: [linux]

  '@esbuild/linux-riscv64@0.20.2':
    resolution: {integrity: sha512-snwmBKacKmwTMmhLlz/3aH1Q9T8v45bKYGE3j26TsaOVtjIag4wLfWSiZykXzXuE1kbCE+zJRmwp+ZbIHinnVg==}
    engines: {node: '>=12'}
    cpu: [riscv64]
    os: [linux]

  '@esbuild/linux-s390x@0.20.2':
    resolution: {integrity: sha512-wcWISOobRWNm3cezm5HOZcYz1sKoHLd8VL1dl309DiixxVFoFe/o8HnwuIwn6sXre88Nwj+VwZUvJf4AFxkyrQ==}
    engines: {node: '>=12'}
    cpu: [s390x]
    os: [linux]

  '@esbuild/netbsd-x64@0.20.2':
    resolution: {integrity: sha512-K8/DhBxcVQkzYc43yJXDSyjlFeHQJBiowJ0uVL6Tor3jGQfSGHNNJcWxNbOI8v5k82prYqzPuwkzHt3J1T1iZQ==}
    engines: {node: '>=12'}
    cpu: [x64]
    os: [netbsd]

  '@esbuild/openbsd-x64@0.20.2':
    resolution: {integrity: sha512-eMpKlV0SThJmmJgiVyN9jTPJ2VBPquf6Kt/nAoo6DgHAoN57K15ZghiHaMvqjCye/uU4X5u3YSMgVBI1h3vKrQ==}
    engines: {node: '>=12'}
    cpu: [x64]
    os: [openbsd]

  '@esbuild/sunos-x64@0.20.2':
    resolution: {integrity: sha512-2UyFtRC6cXLyejf/YEld4Hajo7UHILetzE1vsRcGL3earZEW77JxrFjH4Ez2qaTiEfMgAXxfAZCm1fvM/G/o8w==}
    engines: {node: '>=12'}
    cpu: [x64]
    os: [sunos]

  '@esbuild/win32-arm64@0.20.2':
    resolution: {integrity: sha512-GRibxoawM9ZCnDxnP3usoUDO9vUkpAxIIZ6GQI+IlVmr5kP3zUq+l17xELTHMWTWzjxa2guPNyrpq1GWmPvcGQ==}
    engines: {node: '>=12'}
    cpu: [arm64]
    os: [win32]

  '@esbuild/win32-ia32@0.20.2':
    resolution: {integrity: sha512-HfLOfn9YWmkSKRQqovpnITazdtquEW8/SoHW7pWpuEeguaZI4QnCRW6b+oZTztdBnZOS2hqJ6im/D5cPzBTTlQ==}
    engines: {node: '>=12'}
    cpu: [ia32]
    os: [win32]

  '@esbuild/win32-x64@0.20.2':
    resolution: {integrity: sha512-N49X4lJX27+l9jbLKSqZ6bKNjzQvHaT8IIFUy+YIqmXQdjYCToGWwOItDrfby14c78aDd5NHQl29xingXfCdLQ==}
    engines: {node: '>=12'}
    cpu: [x64]
    os: [win32]

  '@types/bun@1.1.3':
    resolution: {integrity: sha512-i+mVz8C/lx+RprDR6Mr402iE1kmajgJPnmSfJ/NvU85sGGXSylYZ/6yc+XhVLr2E/t8o6HmjwV0evtnUOR0CFA==}

  acorn-walk@8.3.2:
    resolution: {integrity: sha512-cjkyv4OtNCIeqhHrfS81QWXoCBPExR/J62oyEqepVw8WaQeSqpW2uhuLPh1m9eWhDuOo/jUXVTlifvesOWp/4A==}
    engines: {node: '>=0.4.0'}

  acorn@8.11.3:
    resolution: {integrity: sha512-Y9rRfJG5jcKOE0CLisYbojUjIrIEE7AGMzA/Sm4BslANhbS+cDMpgBdcPT91oJ7OuJ9hYJBx59RjbhxVnrF8Xg==}
    engines: {node: '>=0.4.0'}
    hasBin: true

  blake3-wasm@2.1.5:
    resolution: {integrity: sha512-F1+K8EbfOZE49dtoPtmxUQrpXaBIl3ICvasLh+nJta0xkz+9kF/7uet9fLnwKqhDrmj6g+6K3Tw9yQPUg2ka5g==}

  capnp-ts@0.7.0:
    resolution: {integrity: sha512-XKxXAC3HVPv7r674zP0VC3RTXz+/JKhfyw94ljvF80yynK6VkTnqE3jMuN8b3dUVmmc43TjyxjW4KTsmB3c86g==}

  chokidar@3.6.0:
    resolution: {integrity: sha512-7VT13fmjotKpGipCW9JEQAusEPE+Ei8nl6/g4FBAmIm0GOOLMua9NDDo/DWp0ZAxCr3cPq5ZpBqmPAQgDda2Pw==}
    engines: {node: '>= 8.10.0'}

  debug@4.3.5:
    resolution: {integrity: sha512-pt0bNEmneDIvdL1Xsd9oDQ/wrQRkXDT4AUWlNZNPKvW5x/jyO9VFXkJUP07vQ2upmw5PlaITaPKc31jK13V+jg==}
    engines: {node: '>=6.0'}
    peerDependencies:
      supports-color: '*'
    peerDependenciesMeta:
      supports-color:
        optional: true

  esbuild@0.20.2:
    resolution: {integrity: sha512-WdOOppmUNU+IbZ0PaDiTst80zjnrOkyJNHoKupIcVyU8Lvla3Ugx94VzkQ32Ijqd7UhHJy75gNWDMUekcrSJ6g==}
    engines: {node: '>=12'}
    hasBin: true

  escape-string-regexp@4.0.0:
    resolution: {integrity: sha512-TtpcNJ3XAzx3Gq8sWRzJaVajRs0uVxA2YAkdb1jm2YkPz4G6egUFAyA3n5vtEIZefPk5Wa4UXbKuS5fKkJWdgA==}
    engines: {node: '>=10'}

  exit-hook@2.2.1:
    resolution: {integrity: sha512-eNTPlAD67BmP31LDINZ3U7HSF8l57TxOY2PmBJ1shpCvpnxBF93mWCE8YHBnXs8qiUZJc9WDcWIeC3a2HIAMfw==}
    engines: {node: '>=6'}

  fsevents@2.3.3:
    resolution: {integrity: sha512-5xoDfX+fL7faATnagmWPpbFtwh/R77WmMMqqHGS65C3vvB0YHrgF+B1YmZ3441tMj5n63k0212XNoJwzlhffQw==}
    engines: {node: ^8.16.0 || ^10.6.0 || >=11.0.0}
    os: [darwin]

  glob-to-regexp@0.4.1:
    resolution: {integrity: sha512-lkX1HJXwyMcprw/5YUZc2s7DrpAiHB21/V+E1rHUrVNokkvB6bqMzT0VfV6/86ZNabt1k14YOIaT7nDvOX3Iiw==}

  miniflare@3.20240404.0:
    resolution: {integrity: sha512-+FOTcztPMW3akmucX4vE0PWMNvP4JBwl4s9ieA84fcOaDtTbtfU1rHXpcacj16klpUpvSnD6xd8Sjsn6SJXPfg==}
    engines: {node: '>=16.13'}
    hasBin: true

  ms@2.1.2:
    resolution: {integrity: sha512-sGkPx+VjMtmA6MX27oA4FBFELFCZZ4S4XqeGOXCv68tT+jb3vk/RyaKWP0PTKyWtmLSM0b+adUTEvbs1PEaH2w==}

  nanoid@3.3.7:
    resolution: {integrity: sha512-eSRppjcPIatRIMC1U6UngP8XFcz8MQWGQdt1MTBQ7NaAmvXDfvNxbvWV3x2y6CdEUciCSsDHDQZbhYaB8QEo2g==}
    engines: {node: ^10 || ^12 || ^13.7 || ^14 || >=15.0.1}
    hasBin: true

  path-to-regexp@6.2.2:
    resolution: {integrity: sha512-GQX3SSMokngb36+whdpRXE+3f9V8UzyAorlYvOGx87ufGHehNTn5lCxrKtLyZ4Yl/wEKnNnr98ZzOwwDZV5ogw==}

  prettier@3.3.1:
    resolution: {integrity: sha512-7CAwy5dRsxs8PHXT3twixW9/OEll8MLE0VRPCJyl7CkS6VHGPSlsVaWTiASPTyGyYRyApxlaWTzwUxVNrhcwDg==}
    engines: {node: '>=14'}
    hasBin: true

  resolve.exports@2.0.2:
    resolution: {integrity: sha512-X2UW6Nw3n/aMgDVy+0rSqgHlv39WZAlZrXCdnbyEiKm17DSqHX4MmQMaST3FbeWR5FTuRcUwYAziZajji0Y7mg==}
    engines: {node: '>=10'}

  resolve@1.22.8:
    resolution: {integrity: sha512-oKWePCxqpd6FlLvGV1VU0x7bkPmmCNolxzjMf4NczoDnQcIWrAF+cPtZn5i6n+RfD2d9i0tzpKnG6Yk168yIyw==}
    hasBin: true

  rollup-plugin-node-polyfills@0.2.1:
    resolution: {integrity: sha512-4kCrKPTJ6sK4/gLL/U5QzVT8cxJcofO0OU74tnB19F40cmuAKSzH5/siithxlofFEjwvw1YAhPmbvGNA6jEroA==}

  selfsigned@2.4.1:
    resolution: {integrity: sha512-th5B4L2U+eGLq1TVh7zNRGBapioSORUeymIydxgFpwww9d2qyKvtuPU2jJuHvYAwwqi2Y596QBL3eEqcPEYL8Q==}
    engines: {node: '>=10'}

  source-map@0.6.1:
    resolution: {integrity: sha512-UjgapumWlbMhkBgzT7Ykc5YXUT46F0iKu8SGXq0bcwP5dz/h0Plj6enJqjz1Zbq2l5WaqYnrVbwWOWMyF3F47g==}
    engines: {node: '>=0.10.0'}

  stoppable@1.1.0:
    resolution: {integrity: sha512-KXDYZ9dszj6bzvnEMRYvxgeTHU74QBFL54XKtP3nyMuJ81CFYtABZ3bAzL2EdFUaEwJOBOgENyFj3R7oTzDyyw==}
    engines: {node: '>=4', npm: '>=6'}

  tslib@2.6.3:
    resolution: {integrity: sha512-xNvxJEOUiWPGhUuUdQgAJPKOOJfGnIyKySOc09XkKsgdUV/3E2zvwZYdejjmRgPCgcym1juLH3226yA7sEFJKQ==}

  typescript@5.4.2:
    resolution: {integrity: sha512-+2/g0Fds1ERlP6JsakQQDXjZdZMM+rqpamFZJEKh4kwTIn3iDkgKtby0CeNd5ATNZ4Ry1ax15TMx0W2V+miizQ==}
    engines: {node: '>=14.17'}
    hasBin: true

  undici@5.28.4:
    resolution: {integrity: sha512-72RFADWFqKmUb2hmmvNODKL3p9hcB6Gt2DOQMis1SEBaV6a4MH8soBvzg+95CYhCKPFedut2JY9bMfrDl9D23g==}
    engines: {node: '>=14.0'}

  workerd@1.20240404.0:
    resolution: {integrity: sha512-U4tfnvBcPMsv7pmRGuF0J5UnoZi6tbc64tXNfyijI74r6w6Vlb2+a6eibdQL8g0g46+4vjuTKME9G5RvSvdc8g==}
    engines: {node: '>=16'}
    hasBin: true

  wrangler@3.48.0:
    resolution: {integrity: sha512-Wv7JS6FyX1j9HkaM6WL3fmTzBMAYc4hPSyZCuxuH55hkJDX/7ts+YAgsaN1U8rKoDrV3FVSgBfI9TyqP9iuM8Q==}
    engines: {node: '>=16.17.0'}
    hasBin: true
    peerDependencies:
      '@cloudflare/workers-types': ^4.20240404.0
    peerDependenciesMeta:
      '@cloudflare/workers-types':
        optional: true

  ws@8.17.0:
    resolution: {integrity: sha512-uJq6108EgZMAl20KagGkzCKfMEjxmKvZHG7Tlq0Z6nOky7YF7aq4mOx6xK8TJ/i1LeK4Qus7INktacctDgY8Ow==}
    engines: {node: '>=10.0.0'}
    peerDependencies:
      bufferutil: ^4.0.1
      utf-8-validate: '>=5.0.2'
    peerDependenciesMeta:
      bufferutil:
        optional: true
      utf-8-validate:
        optional: true

  xxhash-wasm@1.0.2:
    resolution: {integrity: sha512-ibF0Or+FivM9lNrg+HGJfVX8WJqgo+kCLDc4vx6xMeTce7Aj+DLttKbxxRR/gNLSAelRc1omAPlJ77N/Jem07A==}

  youch@3.3.3:
    resolution: {integrity: sha512-qSFXUk3UZBLfggAW3dJKg0BMblG5biqSF8M34E06o5CSsZtH92u9Hqmj2RzGiHDi64fhe83+4tENFP2DB6t6ZA==}

  zod@3.23.8:
    resolution: {integrity: sha512-XBx9AXhXktjUqnepgTiE5flcKIYWi/rme0Eaj+5Y0lftuGBq+jyRu/md4WnuxqgP1ubdpNCsYEYPxrzVHD8d6g==}

snapshots:

  '@biomejs/biome@1.5.3':
    optionalDependencies:
      '@biomejs/cli-darwin-arm64': 1.5.3
      '@biomejs/cli-darwin-x64': 1.5.3
      '@biomejs/cli-linux-arm64': 1.5.3
      '@biomejs/cli-linux-arm64-musl': 1.5.3
      '@biomejs/cli-win32-arm64': 1.5.3
      '@biomejs/cli-win32-x64': 1.5.3

  '@biomejs/cli-darwin-arm64@1.5.3':
    optional: true

  '@biomejs/cli-darwin-x64@1.5.3':
    optional: true

  '@biomejs/cli-linux-arm64-musl@1.5.3':
    optional: true

  '@biomejs/cli-linux-arm64@1.5.3':
    optional: true

  '@biomejs/cli-win32-arm64@1.5.3':
    optional: true

  '@biomejs/cli-win32-x64@1.5.3':
    optional: true

  '@cloudflare/kv-asset-handler@0.3.1': {}

  '@cloudflare/workerd-darwin-64@1.20240404.0':
    optional: true

  '@cloudflare/workerd-darwin-arm64@1.20240404.0':
    optional: true

  '@cloudflare/workerd-linux-arm64@1.20240404.0':
    optional: true

  '@cloudflare/workerd-windows-64@1.20240404.0':
    optional: true

  '@cloudflare/workers-types@4.20240405.0': {}

  '@cspotcode/source-map-support@0.8.1': {}

  '@esbuild-plugins/node-globals-polyfill@0.2.3(esbuild@0.20.2)':
    dependencies:
      esbuild: 0.20.2

  '@esbuild-plugins/node-modules-polyfill@0.2.2(esbuild@0.20.2)':
    dependencies:
      esbuild: 0.20.2
      escape-string-regexp: 4.0.0
      rollup-plugin-node-polyfills: 0.2.1

  '@esbuild/aix-ppc64@0.20.2':
    optional: true

  '@esbuild/android-arm64@0.20.2':
    optional: true

  '@esbuild/android-arm@0.20.2':
    optional: true

  '@esbuild/android-x64@0.20.2':
    optional: true

  '@esbuild/darwin-arm64@0.20.2':
    optional: true

  '@esbuild/darwin-x64@0.20.2':
    optional: true

  '@esbuild/freebsd-arm64@0.20.2':
    optional: true

  '@esbuild/freebsd-x64@0.20.2':
    optional: true

  '@esbuild/linux-arm64@0.20.2':
    optional: true

  '@esbuild/linux-arm@0.20.2':
    optional: true

  '@esbuild/linux-ia32@0.20.2':
    optional: true

  '@esbuild/linux-loong64@0.20.2':
    optional: true

  '@esbuild/linux-mips64el@0.20.2':
    optional: true

  '@esbuild/linux-ppc64@0.20.2':
    optional: true

  '@esbuild/linux-riscv64@0.20.2':
    optional: true

  '@esbuild/linux-s390x@0.20.2':
    optional: true

  '@esbuild/netbsd-x64@0.20.2':
    optional: true

  '@esbuild/openbsd-x64@0.20.2':
    optional: true

  '@esbuild/sunos-x64@0.20.2':
    optional: true

  '@esbuild/win32-arm64@0.20.2':
    optional: true

  '@esbuild/win32-ia32@0.20.2':
    optional: true

  '@esbuild/win32-x64@0.20.2':
    optional: true

  '@types/bun@1.1.3': {}

  acorn-walk@8.3.2: {}

  acorn@8.11.3: {}

  blake3-wasm@2.1.5: {}

  capnp-ts@0.7.0:
    dependencies:
      debug: 4.3.5
      tslib: 2.6.3
    transitivePeerDependencies:
      - supports-color

  chokidar@3.6.0:
    optionalDependencies:
      fsevents: 2.3.3

  debug@4.3.5:
    dependencies:
      ms: 2.1.2

  esbuild@0.20.2:
    optionalDependencies:
      '@esbuild/aix-ppc64': 0.20.2
      '@esbuild/android-arm': 0.20.2
      '@esbuild/android-arm64': 0.20.2
      '@esbuild/android-x64': 0.20.2
      '@esbuild/darwin-arm64': 0.20.2
      '@esbuild/darwin-x64': 0.20.2
      '@esbuild/freebsd-arm64': 0.20.2
      '@esbuild/freebsd-x64': 0.20.2
      '@esbuild/linux-arm': 0.20.2
      '@esbuild/linux-arm64': 0.20.2
      '@esbuild/linux-ia32': 0.20.2
      '@esbuild/linux-loong64': 0.20.2
      '@esbuild/linux-mips64el': 0.20.2
      '@esbuild/linux-ppc64': 0.20.2
      '@esbuild/linux-riscv64': 0.20.2
      '@esbuild/linux-s390x': 0.20.2
      '@esbuild/netbsd-x64': 0.20.2
      '@esbuild/openbsd-x64': 0.20.2
      '@esbuild/sunos-x64': 0.20.2
      '@esbuild/win32-arm64': 0.20.2
      '@esbuild/win32-ia32': 0.20.2
      '@esbuild/win32-x64': 0.20.2

  escape-string-regexp@4.0.0: {}

  exit-hook@2.2.1: {}

  fsevents@2.3.3:
    optional: true

  glob-to-regexp@0.4.1: {}

  miniflare@3.20240404.0:
    dependencies:
      '@cspotcode/source-map-support': 0.8.1
      acorn: 8.11.3
      acorn-walk: 8.3.2
      capnp-ts: 0.7.0
      exit-hook: 2.2.1
      glob-to-regexp: 0.4.1
      stoppable: 1.1.0
      undici: 5.28.4
      workerd: 1.20240404.0
      ws: 8.17.0
      youch: 3.3.3
      zod: 3.23.8
    transitivePeerDependencies:
      - bufferutil
      - supports-color
      - utf-8-validate

  ms@2.1.2: {}

  nanoid@3.3.7: {}

  path-to-regexp@6.2.2: {}

  prettier@3.3.1: {}

  resolve.exports@2.0.2: {}

  resolve@1.22.8: {}

  rollup-plugin-node-polyfills@0.2.1: {}

  selfsigned@2.4.1: {}

  source-map@0.6.1: {}

  stoppable@1.1.0: {}

  tslib@2.6.3: {}

  typescript@5.4.2: {}

  undici@5.28.4: {}

  workerd@1.20240404.0:
    optionalDependencies:
      '@cloudflare/workerd-darwin-64': 1.20240404.0
      '@cloudflare/workerd-darwin-arm64': 1.20240404.0
      '@cloudflare/workerd-linux-arm64': 1.20240404.0
      '@cloudflare/workerd-windows-64': 1.20240404.0

  wrangler@3.48.0(@cloudflare/workers-types@4.20240405.0):
    dependencies:
      '@cloudflare/kv-asset-handler': 0.3.1
      '@esbuild-plugins/node-globals-polyfill': 0.2.3(esbuild@0.20.2)
      '@esbuild-plugins/node-modules-polyfill': 0.2.2(esbuild@0.20.2)
      blake3-wasm: 2.1.5
      chokidar: 3.6.0
      esbuild: 0.20.2
      miniflare: 3.20240404.0
      nanoid: 3.3.7
      path-to-regexp: 6.2.2
      resolve: 1.22.8
      resolve.exports: 2.0.2
      selfsigned: 2.4.1
      source-map: 0.6.1
      xxhash-wasm: 1.0.2
    optionalDependencies:
      '@cloudflare/workers-types': 4.20240405.0
      fsevents: 2.3.3
    transitivePeerDependencies:
      - bufferutil
      - supports-color
      - utf-8-validate

  ws@8.17.0: {}

  xxhash-wasm@1.0.2: {}

  youch@3.3.3: {}

  zod@3.23.8: {}
